
Microsoft Visual Studio Solution File, Format Version 12.00
# Visual Studio Version 16
VisualStudioVersion = 16.0.33130.400
MinimumVisualStudioVersion = 10.0.40219.1
Project("{FAE04EC0-301F-11D3-BF4B-00C04F79EFBC}") = "СМ-22.1", "СМ-22.1\СМ-22.1.csproj", "{6A3BB22E-9F76-49C9-B2D2-C9081D543EFA}"
EndProject
Global
	GlobalSection(SolutionConfigurationPlatforms) = preSolution
		Debug|Any CPU = Debug|Any CPU
		Release|Any CPU = Release|Any CPU
	EndGlobalSection
	GlobalSection(ProjectConfigurationPlatforms) = postSolution
		{6A3BB22E-9F76-49C9-B2D2-C9081D543EFA}.Debug|Any CPU.ActiveCfg = Debug|Any CPU
		{6A3BB22E-9F76-49C9-B2D2-C9081D543EFA}.Debug|Any CPU.Build.0 = Debug|Any CPU
		{6A3BB22E-9F76-49C9-B2D2-C9081D543EFA}.Release|Any CPU.ActiveCfg = Release|Any CPU
		{6A3BB22E-9F76-49C9-B2D2-C9081D543EFA}.Release|Any CPU.Build.0 = Release|Any CPU
	EndGlobalSection
	GlobalSection(SolutionProperties) = preSolution
		HideSolutionNode = FALSE
	EndGlobalSection
	GlobalSection(ExtensibilityGlobals) = postSolution
		SolutionGuid = {94180DB5-DB29-4E52-8EB8-C56398DB27CB}
	EndGlobalSection
EndGlobal
